
Microsoft Visual Studio Solution File, Format Version 12.00
# Visual Studio 15
VisualStudioVersion = 15.0.27130.2003
MinimumVisualStudioVersion = 10.0.40219.1
Project("{FAE04EC0-301F-11D3-BF4B-00C04F79EFBC}") = "NonCopyable", "NonCopyable\NonCopyable\NonCopyable.csproj", "{CC552C73-1EA3-457B-8E98-2D5D3213C5C5}"
EndProject
Project("{FAE04EC0-301F-11D3-BF4B-00C04F79EFBC}") = "NonCopyable.Test", "NonCopyable\NonCopyable.Test\NonCopyable.Test.csproj", "{88F29EA0-BB85-4E16-AF40-E48B69085017}"
EndProject
Project("{FAE04EC0-301F-11D3-BF4B-00C04F79EFBC}") = "NonCopyable.Vsix", "NonCopyable\NonCopyable.Vsix\NonCopyable.Vsix.csproj", "{6830D342-6930-43F8-AA43-2E222DE700E2}"
EndProject
Global
	GlobalSection(SolutionConfigurationPlatforms) = preSolution
		Debug|Any CPU = Debug|Any CPU
		Release|Any CPU = Release|Any CPU
	EndGlobalSection
	GlobalSection(ProjectConfigurationPlatforms) = postSolution
		{CC552C73-1EA3-457B-8E98-2D5D3213C5C5}.Debug|Any CPU.ActiveCfg = Debug|Any CPU
		{CC552C73-1EA3-457B-8E98-2D5D3213C5C5}.Debug|Any CPU.Build.0 = Debug|Any CPU
		{CC552C73-1EA3-457B-8E98-2D5D3213C5C5}.Release|Any CPU.ActiveCfg = Release|Any CPU
		{CC552C73-1EA3-457B-8E98-2D5D3213C5C5}.Release|Any CPU.Build.0 = Release|Any CPU
		{88F29EA0-BB85-4E16-AF40-E48B69085017}.Debug|Any CPU.ActiveCfg = Debug|Any CPU
		{88F29EA0-BB85-4E16-AF40-E48B69085017}.Debug|Any CPU.Build.0 = Debug|Any CPU
		{88F29EA0-BB85-4E16-AF40-E48B69085017}.Release|Any CPU.ActiveCfg = Release|Any CPU
		{88F29EA0-BB85-4E16-AF40-E48B69085017}.Release|Any CPU.Build.0 = Release|Any CPU
		{6830D342-6930-43F8-AA43-2E222DE700E2}.Debug|Any CPU.ActiveCfg = Debug|Any CPU
		{6830D342-6930-43F8-AA43-2E222DE700E2}.Debug|Any CPU.Build.0 = Debug|Any CPU
		{6830D342-6930-43F8-AA43-2E222DE700E2}.Release|Any CPU.ActiveCfg = Release|Any CPU
		{6830D342-6930-43F8-AA43-2E222DE700E2}.Release|Any CPU.Build.0 = Release|Any CPU
	EndGlobalSection
	GlobalSection(SolutionProperties) = preSolution
		HideSolutionNode = FALSE
	EndGlobalSection
	GlobalSection(ExtensibilityGlobals) = postSolution
		SolutionGuid = {0ECD1A93-298C-4011-A018-4073F4B75B13}
	EndGlobalSection
EndGlobal
